
Microsoft Visual Studio Solution File, Format Version 12.00
# Visual Studio 15
VisualStudioVersion = 15.0.27004.2005
MinimumVisualStudioVersion = 10.0.40219.1
Project("{FAE04EC0-301F-11D3-BF4B-00C04F79EFBC}") = "Mockup", "Mockup\Mockup.csproj", "{05B8012D-C230-41FD-B74D-92FC339A577A}"
EndProject
Global
	GlobalSection(SolutionConfigurationPlatforms) = preSolution
		Debug|Any CPU = Debug|Any CPU
		Release|Any CPU = Release|Any CPU
	EndGlobalSection
	GlobalSection(ProjectConfigurationPlatforms) = postSolution
		{05B8012D-C230-41FD-B74D-92FC339A577A}.Debug|Any CPU.ActiveCfg = Debug|Any CPU
		{05B8012D-C230-41FD-B74D-92FC339A577A}.Debug|Any CPU.Build.0 = Debug|Any CPU
		{05B8012D-C230-41FD-B74D-92FC339A577A}.Release|Any CPU.ActiveCfg = Release|Any CPU
		{05B8012D-C230-41FD-B74D-92FC339A577A}.Release|Any CPU.Build.0 = Release|Any CPU
	EndGlobalSection
	GlobalSection(SolutionProperties) = preSolution
		HideSolutionNode = FALSE
	EndGlobalSection
	GlobalSection(ExtensibilityGlobals) = postSolution
		SolutionGuid = {AAD1A528-A6F2-4379-94E7-22BA933B2AFC}
	EndGlobalSection
EndGlobal
